
Microsoft Visual Studio Solution File, Format Version 12.00
# Visual Studio Version 17
VisualStudioVersion = 17.2.32630.192
MinimumVisualStudioVersion = 10.0.40219.1
Project("{2150E333-8FDC-42A3-9474-1A3956D46DE8}") = "src", "src", "{832408EA-01AF-4069-8E14-A99BE72B748D}"
EndProject
Project("{2150E333-8FDC-42A3-9474-1A3956D46DE8}") = "Data", "Data", "{1DC40C2B-A4C4-4178-A23F-F65066FE1419}"
EndProject
Project("{2150E333-8FDC-42A3-9474-1A3956D46DE8}") = "Domain", "Domain", "{F0633AED-2E6D-4622-9333-05E62DD90CC8}"
EndProject
Project("{2150E333-8FDC-42A3-9474-1A3956D46DE8}") = "Web", "Web", "{C3D70CCA-DD33-4608-B7A6-007EB3F66AE3}"
EndProject
Project("{9A19103F-16F7-4668-BE54-9A1E7A4F7556}") = "MyWebApp", "src\Web\MyWebApp\MyWebApp.csproj", "{263F59EA-610F-4A4E-BBEF-8714D81FF4FB}"
EndProject
Project("{FAE04EC0-301F-11D3-BF4B-00C04F79EFBC}") = "MyWebApp.Data", "src\Data\MyWebApp.Data\MyWebApp.Data.csproj", "{83846E75-425A-40CD-80F5-FBE342EEC9F1}"
EndProject
Project("{FAE04EC0-301F-11D3-BF4B-00C04F79EFBC}") = "MyWebApp.Data.Entities", "src\Data\MyWebApp.Data.Entities\MyWebApp.Data.Entities.csproj", "{21DD3F02-02AB-4CAB-8E98-434F7794D846}"
EndProject
Project("{FAE04EC0-301F-11D3-BF4B-00C04F79EFBC}") = "MyWebApp.Domain.Services", "src\Domain\MyWebApp.Domain.Services\MyWebApp.Domain.Services.csproj", "{642A02DF-87BA-477A-9FFB-91094552BC97}"
EndProject
Project("{FAE04EC0-301F-11D3-BF4B-00C04F79EFBC}") = "MyWebApp.Domain.Repositories", "src\Domain\MyWebApp.Domain.Repositories\MyWebApp.Domain.Repositories.csproj", "{4C7EBF82-4878-47E9-9F6B-21428B23A58A}"
EndProject
Project("{FAE04EC0-301F-11D3-BF4B-00C04F79EFBC}") = "MyWebApp.Domain.Exceptions", "src\Domain\MyWebApp.Domain.Exceptions\MyWebApp.Domain.Exceptions.csproj", "{E5A5A48C-C489-4E76-BF36-A13F891A63BA}"
EndProject
Project("{FAE04EC0-301F-11D3-BF4B-00C04F79EFBC}") = "MyWebApp.Loggers", "src\Web\MyWebApp.Loggers\MyWebApp.Loggers.csproj", "{C5DAE26F-D5D6-4160-856D-9B28D2D1F0C6}"
EndProject
Global
	GlobalSection(SolutionConfigurationPlatforms) = preSolution
		Debug|Any CPU = Debug|Any CPU
		Release|Any CPU = Release|Any CPU
	EndGlobalSection
	GlobalSection(ProjectConfigurationPlatforms) = postSolution
		{263F59EA-610F-4A4E-BBEF-8714D81FF4FB}.Debug|Any CPU.ActiveCfg = Debug|Any CPU
		{263F59EA-610F-4A4E-BBEF-8714D81FF4FB}.Debug|Any CPU.Build.0 = Debug|Any CPU
		{263F59EA-610F-4A4E-BBEF-8714D81FF4FB}.Release|Any CPU.ActiveCfg = Release|Any CPU
		{263F59EA-610F-4A4E-BBEF-8714D81FF4FB}.Release|Any CPU.Build.0 = Release|Any CPU
		{83846E75-425A-40CD-80F5-FBE342EEC9F1}.Debug|Any CPU.ActiveCfg = Debug|Any CPU
		{83846E75-425A-40CD-80F5-FBE342EEC9F1}.Debug|Any CPU.Build.0 = Debug|Any CPU
		{83846E75-425A-40CD-80F5-FBE342EEC9F1}.Release|Any CPU.ActiveCfg = Release|Any CPU
		{83846E75-425A-40CD-80F5-FBE342EEC9F1}.Release|Any CPU.Build.0 = Release|Any CPU
		{21DD3F02-02AB-4CAB-8E98-434F7794D846}.Debug|Any CPU.ActiveCfg = Debug|Any CPU
		{21DD3F02-02AB-4CAB-8E98-434F7794D846}.Debug|Any CPU.Build.0 = Debug|Any CPU
		{21DD3F02-02AB-4CAB-8E98-434F7794D846}.Release|Any CPU.ActiveCfg = Release|Any CPU
		{21DD3F02-02AB-4CAB-8E98-434F7794D846}.Release|Any CPU.Build.0 = Release|Any CPU
		{642A02DF-87BA-477A-9FFB-91094552BC97}.Debug|Any CPU.ActiveCfg = Debug|Any CPU
		{642A02DF-87BA-477A-9FFB-91094552BC97}.Debug|Any CPU.Build.0 = Debug|Any CPU
		{642A02DF-87BA-477A-9FFB-91094552BC97}.Release|Any CPU.ActiveCfg = Release|Any CPU
		{642A02DF-87BA-477A-9FFB-91094552BC97}.Release|Any CPU.Build.0 = Release|Any CPU
		{4C7EBF82-4878-47E9-9F6B-21428B23A58A}.Debug|Any CPU.ActiveCfg = Debug|Any CPU
		{4C7EBF82-4878-47E9-9F6B-21428B23A58A}.Debug|Any CPU.Build.0 = Debug|Any CPU
		{4C7EBF82-4878-47E9-9F6B-21428B23A58A}.Release|Any CPU.ActiveCfg = Release|Any CPU
		{4C7EBF82-4878-47E9-9F6B-21428B23A58A}.Release|Any CPU.Build.0 = Release|Any CPU
		{E5A5A48C-C489-4E76-BF36-A13F891A63BA}.Debug|Any CPU.ActiveCfg = Debug|Any CPU
		{E5A5A48C-C489-4E76-BF36-A13F891A63BA}.Debug|Any CPU.Build.0 = Debug|Any CPU
		{E5A5A48C-C489-4E76-BF36-A13F891A63BA}.Release|Any CPU.ActiveCfg = Release|Any CPU
		{E5A5A48C-C489-4E76-BF36-A13F891A63BA}.Release|Any CPU.Build.0 = Release|Any CPU
		{C5DAE26F-D5D6-4160-856D-9B28D2D1F0C6}.Debug|Any CPU.ActiveCfg = Debug|Any CPU
		{C5DAE26F-D5D6-4160-856D-9B28D2D1F0C6}.Debug|Any CPU.Build.0 = Debug|Any CPU
		{C5DAE26F-D5D6-4160-856D-9B28D2D1F0C6}.Release|Any CPU.ActiveCfg = Release|Any CPU
		{C5DAE26F-D5D6-4160-856D-9B28D2D1F0C6}.Release|Any CPU.Build.0 = Release|Any CPU
	EndGlobalSection
	GlobalSection(SolutionProperties) = preSolution
		HideSolutionNode = FALSE
	EndGlobalSection
	GlobalSection(NestedProjects) = preSolution
		{1DC40C2B-A4C4-4178-A23F-F65066FE1419} = {832408EA-01AF-4069-8E14-A99BE72B748D}
		{F0633AED-2E6D-4622-9333-05E62DD90CC8} = {832408EA-01AF-4069-8E14-A99BE72B748D}
		{C3D70CCA-DD33-4608-B7A6-007EB3F66AE3} = {832408EA-01AF-4069-8E14-A99BE72B748D}
		{263F59EA-610F-4A4E-BBEF-8714D81FF4FB} = {C3D70CCA-DD33-4608-B7A6-007EB3F66AE3}
		{83846E75-425A-40CD-80F5-FBE342EEC9F1} = {1DC40C2B-A4C4-4178-A23F-F65066FE1419}
		{21DD3F02-02AB-4CAB-8E98-434F7794D846} = {1DC40C2B-A4C4-4178-A23F-F65066FE1419}
		{642A02DF-87BA-477A-9FFB-91094552BC97} = {F0633AED-2E6D-4622-9333-05E62DD90CC8}
		{4C7EBF82-4878-47E9-9F6B-21428B23A58A} = {F0633AED-2E6D-4622-9333-05E62DD90CC8}
		{E5A5A48C-C489-4E76-BF36-A13F891A63BA} = {F0633AED-2E6D-4622-9333-05E62DD90CC8}
		{C5DAE26F-D5D6-4160-856D-9B28D2D1F0C6} = {C3D70CCA-DD33-4608-B7A6-007EB3F66AE3}
	EndGlobalSection
	GlobalSection(ExtensibilityGlobals) = postSolution
		SolutionGuid = {BD21E71C-1EDE-43D1-82DA-B86627E99D7C}
	EndGlobalSection
EndGlobal
